
Microsoft Visual Studio Solution File, Format Version 12.00
# Visual Studio Version 17
VisualStudioVersion = 17.3.32825.248
MinimumVisualStudioVersion = 10.0.40219.1
Project("{8BC9CEB8-8B4A-11D0-8D11-00A0C91BC942}") = "HomeWork_14_10_2022", "HomeWork_14_10_2022\HomeWork_14_10_2022.vcxproj", "{6680A777-864F-4AC9-8BE8-051FE5DB0843}"
EndProject
Project("{8BC9CEB8-8B4A-11D0-8D11-00A0C91BC942}") = "Hex numeration", "Hex numeration\Hex numeration.vcxproj", "{60D2D854-A76A-4DF5-95CC-699DAD524420}"
EndProject
Project("{8BC9CEB8-8B4A-11D0-8D11-00A0C91BC942}") = "Function_Pow", "Function_Pow\Function_Pow.vcxproj", "{A97106B0-FBEA-42F6-9EF6-214EEBF33651}"
EndProject
Project("{8BC9CEB8-8B4A-11D0-8D11-00A0C91BC942}") = "Arrays", "Arrays\Arrays.vcxproj", "{5A242E0A-F48D-444B-82E4-9C0596FC51A8}"
EndProject
Project("{8BC9CEB8-8B4A-11D0-8D11-00A0C91BC942}") = "OverloadFunctions", "OverloadFunctions\OverloadFunctions.vcxproj", "{636AD005-3724-448E-9215-E1FAC8BAF4DD}"
EndProject
Project("{8BC9CEB8-8B4A-11D0-8D11-00A0C91BC942}") = "RecursionFunction", "RecursionFunction\RecursionFunction.vcxproj", "{A8C50840-3E4C-4AE6-9880-DB962C08AFFD}"
EndProject
Project("{8BC9CEB8-8B4A-11D0-8D11-00A0C91BC942}") = "Two-dimensionalArray", "Two-dimensionalArray\Two-dimensionalArray.vcxproj", "{838CE832-FEF8-4C08-A07D-16E08F0BDF4C}"
EndProject
Global
	GlobalSection(SolutionConfigurationPlatforms) = preSolution
		Debug|x64 = Debug|x64
		Debug|x86 = Debug|x86
		Release|x64 = Release|x64
		Release|x86 = Release|x86
	EndGlobalSection
	GlobalSection(ProjectConfigurationPlatforms) = postSolution
		{6680A777-864F-4AC9-8BE8-051FE5DB0843}.Debug|x64.ActiveCfg = Debug|x64
		{6680A777-864F-4AC9-8BE8-051FE5DB0843}.Debug|x64.Build.0 = Debug|x64
		{6680A777-864F-4AC9-8BE8-051FE5DB0843}.Debug|x86.ActiveCfg = Debug|Win32
		{6680A777-864F-4AC9-8BE8-051FE5DB0843}.Debug|x86.Build.0 = Debug|Win32
		{6680A777-864F-4AC9-8BE8-051FE5DB0843}.Release|x64.ActiveCfg = Release|x64
		{6680A777-864F-4AC9-8BE8-051FE5DB0843}.Release|x64.Build.0 = Release|x64
		{6680A777-864F-4AC9-8BE8-051FE5DB0843}.Release|x86.ActiveCfg = Release|Win32
		{6680A777-864F-4AC9-8BE8-051FE5DB0843}.Release|x86.Build.0 = Release|Win32
		{60D2D854-A76A-4DF5-95CC-699DAD524420}.Debug|x64.ActiveCfg = Debug|x64
		{60D2D854-A76A-4DF5-95CC-699DAD524420}.Debug|x64.Build.0 = Debug|x64
		{60D2D854-A76A-4DF5-95CC-699DAD524420}.Debug|x86.ActiveCfg = Debug|Win32
		{60D2D854-A76A-4DF5-95CC-699DAD524420}.Debug|x86.Build.0 = Debug|Win32
		{60D2D854-A76A-4DF5-95CC-699DAD524420}.Release|x64.ActiveCfg = Release|x64
		{60D2D854-A76A-4DF5-95CC-699DAD524420}.Release|x64.Build.0 = Release|x64
		{60D2D854-A76A-4DF5-95CC-699DAD524420}.Release|x86.ActiveCfg = Release|Win32
		{60D2D854-A76A-4DF5-95CC-699DAD524420}.Release|x86.Build.0 = Release|Win32
		{A97106B0-FBEA-42F6-9EF6-214EEBF33651}.Debug|x64.ActiveCfg = Debug|x64
		{A97106B0-FBEA-42F6-9EF6-214EEBF33651}.Debug|x64.Build.0 = Debug|x64
		{A97106B0-FBEA-42F6-9EF6-214EEBF33651}.Debug|x86.ActiveCfg = Debug|Win32
		{A97106B0-FBEA-42F6-9EF6-214EEBF33651}.Debug|x86.Build.0 = Debug|Win32
		{A97106B0-FBEA-42F6-9EF6-214EEBF33651}.Release|x64.ActiveCfg = Release|x64
		{A97106B0-FBEA-42F6-9EF6-214EEBF33651}.Release|x64.Build.0 = Release|x64
		{A97106B0-FBEA-42F6-9EF6-214EEBF33651}.Release|x86.ActiveCfg = Release|Win32
		{A97106B0-FBEA-42F6-9EF6-214EEBF33651}.Release|x86.Build.0 = Release|Win32
		{5A242E0A-F48D-444B-82E4-9C0596FC51A8}.Debug|x64.ActiveCfg = Debug|x64
		{5A242E0A-F48D-444B-82E4-9C0596FC51A8}.Debug|x64.Build.0 = Debug|x64
		{5A242E0A-F48D-444B-82E4-9C0596FC51A8}.Debug|x86.ActiveCfg = Debug|Win32
		{5A242E0A-F48D-444B-82E4-9C0596FC51A8}.Debug|x86.Build.0 = Debug|Win32
		{5A242E0A-F48D-444B-82E4-9C0596FC51A8}.Release|x64.ActiveCfg = Release|x64
		{5A242E0A-F48D-444B-82E4-9C0596FC51A8}.Release|x64.Build.0 = Release|x64
		{5A242E0A-F48D-444B-82E4-9C0596FC51A8}.Release|x86.ActiveCfg = Release|Win32
		{5A242E0A-F48D-444B-82E4-9C0596FC51A8}.Release|x86.Build.0 = Release|Win32
		{636AD005-3724-448E-9215-E1FAC8BAF4DD}.Debug|x64.ActiveCfg = Debug|x64
		{636AD005-3724-448E-9215-E1FAC8BAF4DD}.Debug|x64.Build.0 = Debug|x64
		{636AD005-3724-448E-9215-E1FAC8BAF4DD}.Debug|x86.ActiveCfg = Debug|Win32
		{636AD005-3724-448E-9215-E1FAC8BAF4DD}.Debug|x86.Build.0 = Debug|Win32
		{636AD005-3724-448E-9215-E1FAC8BAF4DD}.Release|x64.ActiveCfg = Release|x64
		{636AD005-3724-448E-9215-E1FAC8BAF4DD}.Release|x64.Build.0 = Release|x64
		{636AD005-3724-448E-9215-E1FAC8BAF4DD}.Release|x86.ActiveCfg = Release|Win32
		{636AD005-3724-448E-9215-E1FAC8BAF4DD}.Release|x86.Build.0 = Release|Win32
		{A8C50840-3E4C-4AE6-9880-DB962C08AFFD}.Debug|x64.ActiveCfg = Debug|x64
		{A8C50840-3E4C-4AE6-9880-DB962C08AFFD}.Debug|x64.Build.0 = Debug|x64
		{A8C50840-3E4C-4AE6-9880-DB962C08AFFD}.Debug|x86.ActiveCfg = Debug|Win32
		{A8C50840-3E4C-4AE6-9880-DB962C08AFFD}.Debug|x86.Build.0 = Debug|Win32
		{A8C50840-3E4C-4AE6-9880-DB962C08AFFD}.Release|x64.ActiveCfg = Release|x64
		{A8C50840-3E4C-4AE6-9880-DB962C08AFFD}.Release|x64.Build.0 = Release|x64
		{A8C50840-3E4C-4AE6-9880-DB962C08AFFD}.Release|x86.ActiveCfg = Release|Win32
		{A8C50840-3E4C-4AE6-9880-DB962C08AFFD}.Release|x86.Build.0 = Release|Win32
		{838CE832-FEF8-4C08-A07D-16E08F0BDF4C}.Debug|x64.ActiveCfg = Debug|x64
		{838CE832-FEF8-4C08-A07D-16E08F0BDF4C}.Debug|x64.Build.0 = Debug|x64
		{838CE832-FEF8-4C08-A07D-16E08F0BDF4C}.Debug|x86.ActiveCfg = Debug|Win32
		{838CE832-FEF8-4C08-A07D-16E08F0BDF4C}.Debug|x86.Build.0 = Debug|Win32
		{838CE832-FEF8-4C08-A07D-16E08F0BDF4C}.Release|x64.ActiveCfg = Release|x64
		{838CE832-FEF8-4C08-A07D-16E08F0BDF4C}.Release|x64.Build.0 = Release|x64
		{838CE832-FEF8-4C08-A07D-16E08F0BDF4C}.Release|x86.ActiveCfg = Release|Win32
		{838CE832-FEF8-4C08-A07D-16E08F0BDF4C}.Release|x86.Build.0 = Release|Win32
	EndGlobalSection
	GlobalSection(SolutionProperties) = preSolution
		HideSolutionNode = FALSE
	EndGlobalSection
	GlobalSection(ExtensibilityGlobals) = postSolution
		SolutionGuid = {B8C3D4D7-007E-480A-B20A-84DD2250F5AF}
	EndGlobalSection
EndGlobal
